// !$*UTF8*$!
{
	archiveVersion = 1;
	classes = {
	};
	objectVersion = 46;
	objects = {

/* Begin PBXBuildFile section */
		1141641D1CB5FDC300942419 /* Registration.storyboard in Resources */ = {isa = PBXBuildFile; fileRef = 1141641C1CB5FDC300942419 /* Registration.storyboard */; };
		114B77D71CB605F3003994E9 /* RegistrationViewController.swift in Sources */ = {isa = PBXBuildFile; fileRef = 114B77D61CB605F3003994E9 /* RegistrationViewController.swift */; };
		114B77DA1CB60707003994E9 /* RegistrationCollectionViewCell.swift in Sources */ = {isa = PBXBuildFile; fileRef = 114B77D81CB60707003994E9 /* RegistrationCollectionViewCell.swift */; };
		114B77DB1CB60707003994E9 /* RegistrationCollectionViewCell.xib in Resources */ = {isa = PBXBuildFile; fileRef = 114B77D91CB60707003994E9 /* RegistrationCollectionViewCell.xib */; };
		114B77DD1CB616E3003994E9 /* Constant.swift in Sources */ = {isa = PBXBuildFile; fileRef = 114B77DC1CB616E3003994E9 /* Constant.swift */; };
		11AD68321CB5FD4B00ADFA50 /* AppDelegate.swift in Sources */ = {isa = PBXBuildFile; fileRef = 11AD68311CB5FD4B00ADFA50 /* AppDelegate.swift */; };
		11AD68341CB5FD4B00ADFA50 /* ViewController.swift in Sources */ = {isa = PBXBuildFile; fileRef = 11AD68331CB5FD4B00ADFA50 /* ViewController.swift */; };
		11AD68371CB5FD4B00ADFA50 /* Main.storyboard in Resources */ = {isa = PBXBuildFile; fileRef = 11AD68351CB5FD4B00ADFA50 /* Main.storyboard */; };
		11AD68391CB5FD4B00ADFA50 /* Assets.xcassets in Resources */ = {isa = PBXBuildFile; fileRef = 11AD68381CB5FD4B00ADFA50 /* Assets.xcassets */; };
		11AD683C1CB5FD4B00ADFA50 /* LaunchScreen.storyboard in Resources */ = {isa = PBXBuildFile; fileRef = 11AD683A1CB5FD4B00ADFA50 /* LaunchScreen.storyboard */; };
		59E9EFB9DB0E793D1D45C7E9 /* Pods_Facebook_Demo.framework in Frameworks */ = {isa = PBXBuildFile; fileRef = C386A7C757C72BEDBAF31AA9 /* Pods_Facebook_Demo.framework */; };
/* End PBXBuildFile section */

/* Begin PBXFileReference section */
		1141641C1CB5FDC300942419 /* Registration.storyboard */ = {isa = PBXFileReference; fileEncoding = 4; lastKnownFileType = file.storyboard; path = Registration.storyboard; sourceTree = "<group>"; };
		114B77D61CB605F3003994E9 /* RegistrationViewController.swift */ = {isa = PBXFileReference; fileEncoding = 4; lastKnownFileType = sourcecode.swift; path = RegistrationViewController.swift; sourceTree = "<group>"; };
		114B77D81CB60707003994E9 /* RegistrationCollectionViewCell.swift */ = {isa = PBXFileReference; fileEncoding = 4; lastKnownFileType = sourcecode.swift; path = RegistrationCollectionViewCell.swift; sourceTree = "<group>"; };
		114B77D91CB60707003994E9 /* RegistrationCollectionViewCell.xib */ = {isa = PBXFileReference; fileEncoding = 4; lastKnownFileType = file.xib; path = RegistrationCollectionViewCell.xib; sourceTree = "<group>"; };
		114B77DC1CB616E3003994E9 /* Constant.swift */ = {isa = PBXFileReference; fileEncoding = 4; lastKnownFileType = sourcecode.swift; path = Constant.swift; sourceTree = "<group>"; };
		11AD682E1CB5FD4B00ADFA50 /* Facebook-Demo.app */ = {isa = PBXFileReference; explicitFileType = wrapper.application; includeInIndex = 0; path = "Facebook-Demo.app"; sourceTree = BUILT_PRODUCTS_DIR; };
		11AD68311CB5FD4B00ADFA50 /* AppDelegate.swift */ = {isa = PBXFileReference; lastKnownFileType = sourcecode.swift; path = AppDelegate.swift; sourceTree = "<group>"; };
		11AD68331CB5FD4B00ADFA50 /* ViewController.swift */ = {isa = PBXFileReference; lastKnownFileType = sourcecode.swift; path = ViewController.swift; sourceTree = "<group>"; };
		11AD68361CB5FD4B00ADFA50 /* Base */ = {isa = PBXFileReference; lastKnownFileType = file.storyboard; name = Base; path = Base.lproj/Main.storyboard; sourceTree = "<group>"; };
		11AD68381CB5FD4B00ADFA50 /* Assets.xcassets */ = {isa = PBXFileReference; lastKnownFileType = folder.assetcatalog; path = Assets.xcassets; sourceTree = "<group>"; };
		11AD683B1CB5FD4B00ADFA50 /* Base */ = {isa = PBXFileReference; lastKnownFileType = file.storyboard; name = Base; path = Base.lproj/LaunchScreen.storyboard; sourceTree = "<group>"; };
		11AD683D1CB5FD4B00ADFA50 /* Info.plist */ = {isa = PBXFileReference; lastKnownFileType = text.plist.xml; path = Info.plist; sourceTree = "<group>"; };
		C386A7C757C72BEDBAF31AA9 /* Pods_Facebook_Demo.framework */ = {isa = PBXFileReference; explicitFileType = wrapper.framework; includeInIndex = 0; path = Pods_Facebook_Demo.framework; sourceTree = BUILT_PRODUCTS_DIR; };
		D4203A8B6BC183EA176A7846 /* Pods-Facebook-Demo.release.xcconfig */ = {isa = PBXFileReference; includeInIndex = 1; lastKnownFileType = text.xcconfig; name = "Pods-Facebook-Demo.release.xcconfig"; path = "Pods/Target Support Files/Pods-Facebook-Demo/Pods-Facebook-Demo.release.xcconfig"; sourceTree = "<group>"; };
		F13AE469351684A40B63ACDB /* Pods-Facebook-Demo.debug.xcconfig */ = {isa = PBXFileReference; includeInIndex = 1; lastKnownFileType = text.xcconfig; name = "Pods-Facebook-Demo.debug.xcconfig"; path = "Pods/Target Support Files/Pods-Facebook-Demo/Pods-Facebook-Demo.debug.xcconfig"; sourceTree = "<group>"; };
/* End PBXFileReference section */

/* Begin PBXFrameworksBuildPhase section */
		11AD682B1CB5FD4B00ADFA50 /* Frameworks */ = {
			isa = PBXFrameworksBuildPhase;
			buildActionMask = 2147483647;
			files = (
				59E9EFB9DB0E793D1D45C7E9 /* Pods_Facebook_Demo.framework in Frameworks */,
			);
			runOnlyForDeploymentPostprocessing = 0;
		};
/* End PBXFrameworksBuildPhase section */

/* Begin PBXGroup section */
		11AD68251CB5FD4A00ADFA50 = {
			isa = PBXGroup;
			children = (
				11AD68301CB5FD4B00ADFA50 /* Facebook-Demo */,
				11AD682F1CB5FD4B00ADFA50 /* Products */,
				E465D5F69B1AE84AA4DEC1E1 /* Pods */,
				B68A6EA8D76EC266CE2A4C90 /* Frameworks */,
			);
			sourceTree = "<group>";
		};
		11AD682F1CB5FD4B00ADFA50 /* Products */ = {
			isa = PBXGroup;
			children = (
				11AD682E1CB5FD4B00ADFA50 /* Facebook-Demo.app */,
			);
			name = Products;
			sourceTree = "<group>";
		};
		11AD68301CB5FD4B00ADFA50 /* Facebook-Demo */ = {
			isa = PBXGroup;
			children = (
				11AD68311CB5FD4B00ADFA50 /* AppDelegate.swift */,
				11AD68331CB5FD4B00ADFA50 /* ViewController.swift */,
				11AD68351CB5FD4B00ADFA50 /* Main.storyboard */,
				11AD68381CB5FD4B00ADFA50 /* Assets.xcassets */,
				11AD683A1CB5FD4B00ADFA50 /* LaunchScreen.storyboard */,
				11AD683D1CB5FD4B00ADFA50 /* Info.plist */,
				1141641C1CB5FDC300942419 /* Registration.storyboard */,
				114B77DC1CB616E3003994E9 /* Constant.swift */,
				114B77D61CB605F3003994E9 /* RegistrationViewController.swift */,
				114B77D81CB60707003994E9 /* RegistrationCollectionViewCell.swift */,
				114B77D91CB60707003994E9 /* RegistrationCollectionViewCell.xib */,
			);
			path = "Facebook-Demo";
			sourceTree = "<group>";
		};
		B68A6EA8D76EC266CE2A4C90 /* Frameworks */ = {
			isa = PBXGroup;
			children = (
				C386A7C757C72BEDBAF31AA9 /* Pods_Facebook_Demo.framework */,
			);
			name = Frameworks;
			sourceTree = "<group>";
		};
		E465D5F69B1AE84AA4DEC1E1 /* Pods */ = {
			isa = PBXGroup;
			children = (
				F13AE469351684A40B63ACDB /* Pods-Facebook-Demo.debug.xcconfig */,
				D4203A8B6BC183EA176A7846 /* Pods-Facebook-Demo.release.xcconfig */,
			);
			name = Pods;
			sourceTree = "<group>";
		};
/* End PBXGroup section */

/* Begin PBXNativeTarget section */
		11AD682D1CB5FD4B00ADFA50 /* Facebook-Demo */ = {
			isa = PBXNativeTarget;
			buildConfigurationList = 11AD68401CB5FD4B00ADFA50 /* Build configuration list for PBXNativeTarget "Facebook-Demo" */;
			buildPhases = (
				F9F815E6A6E9D0B624AB9443 /* Check Pods Manifest.lock */,
				11AD682A1CB5FD4B00ADFA50 /* Sources */,
				11AD682B1CB5FD4B00ADFA50 /* Frameworks */,
				11AD682C1CB5FD4B00ADFA50 /* Resources */,
				D7ACA432969A2343288D94BF /* Embed Pods Frameworks */,
				0F950511CBD7602D3AA2FC66 /* Copy Pods Resources */,
			);
			buildRules = (
			);
			dependencies = (
			);
			name = "Facebook-Demo";
			productName = "Facebook-Demo";
			productReference = 11AD682E1CB5FD4B00ADFA50 /* Facebook-Demo.app */;
			productType = "com.apple.product-type.application";
		};
/* End PBXNativeTarget section */

/* Begin PBXProject section */
		11AD68261CB5FD4A00ADFA50 /* Project object */ = {
			isa = PBXProject;
			attributes = {
				LastSwiftUpdateCheck = 0730;
				LastUpgradeCheck = 0730;
				ORGANIZATIONNAME = "Ka Ho";
				TargetAttributes = {
					11AD682D1CB5FD4B00ADFA50 = {
						CreatedOnToolsVersion = 7.3;
					};
				};
			};
			buildConfigurationList = 11AD68291CB5FD4A00ADFA50 /* Build configuration list for PBXProject "Facebook-Demo" */;
			compatibilityVersion = "Xcode 3.2";
			developmentRegion = English;
			hasScannedForEncodings = 0;
			knownRegions = (
				en,
				Base,
			);
			mainGroup = 11AD68251CB5FD4A00ADFA50;
			productRefGroup = 11AD682F1CB5FD4B00ADFA50 /* Products */;
			projectDirPath = "";
			projectRoot = "";
			targets = (
				11AD682D1CB5FD4B00ADFA50 /* Facebook-Demo */,
			);
		};
/* End PBXProject section */

/* Begin PBXResourcesBuildPhase section */
		11AD682C1CB5FD4B00ADFA50 /* Resources */ = {
			isa = PBXResourcesBuildPhase;
			buildActionMask = 2147483647;
			files = (
				11AD683C1CB5FD4B00ADFA50 /* LaunchScreen.storyboard in Resources */,
				1141641D1CB5FDC300942419 /* Registration.storyboard in Resources */,
				11AD68391CB5FD4B00ADFA50 /* Assets.xcassets in Resources */,
				11AD68371CB5FD4B00ADFA50 /* Main.storyboard in Resources */,
				114B77DB1CB60707003994E9 /* RegistrationCollectionViewCell.xib in Resources */,
			);
			runOnlyForDeploymentPostprocessing = 0;
		};
/* End PBXResourcesBuildPhase section */

/* Begin PBXShellScriptBuildPhase section */
		0F950511CBD7602D3AA2FC66 /* Copy Pods Resources */ = {
			isa = PBXShellScriptBuildPhase;
			buildActionMask = 2147483647;
			files = (
			);
			inputPaths = (
			);
			name = "Copy Pods Resources";
			outputPaths = (
			);
			runOnlyForDeploymentPostprocessing = 0;
			shellPath = /bin/sh;
			shellScript = "\"${SRCROOT}/Pods/Target Support Files/Pods-Facebook-Demo/Pods-Facebook-Demo-resources.sh\"\n";
			showEnvVarsInLog = 0;
		};
		D7ACA432969A2343288D94BF /* Embed Pods Frameworks */ = {
			isa = PBXShellScriptBuildPhase;
			buildActionMask = 2147483647;
			files = (
			);
			inputPaths = (
			);
			name = "Embed Pods Frameworks";
			outputPaths = (
			);
			runOnlyForDeploymentPostprocessing = 0;
			shellPath = /bin/sh;
			shellScript = "\"${SRCROOT}/Pods/Target Support Files/Pods-Facebook-Demo/Pods-Facebook-Demo-frameworks.sh\"\n";
			showEnvVarsInLog = 0;
		};
		F9F815E6A6E9D0B624AB9443 /* Check Pods Manifest.lock */ = {
			isa = PBXShellScriptBuildPhase;
			buildActionMask = 2147483647;
			files = (
			);
			inputPaths = (
			);
			name = "Check Pods Manifest.lock";
			outputPaths = (
			);
			runOnlyForDeploymentPostprocessing = 0;
			shellPath = /bin/sh;
			shellScript = "diff \"${PODS_ROOT}/../Podfile.lock\" \"${PODS_ROOT}/Manifest.lock\" > /dev/null\nif [[ $? != 0 ]] ; then\n    cat << EOM\nerror: The sandbox is not in sync with the Podfile.lock. Run 'pod install' or update your CocoaPods installation.\nEOM\n    exit 1\nfi\n";
			showEnvVarsInLog = 0;
		};
/* End PBXShellScriptBuildPhase section */

/* Begin PBXSourcesBuildPhase section */
		11AD682A1CB5FD4B00ADFA50 /* Sources */ = {
			isa = PBXSourcesBuildPhase;
			buildActionMask = 2147483647;
			files = (
				114B77D71CB605F3003994E9 /* RegistrationViewController.swift in Sources */,
				114B77DA1CB60707003994E9 /* RegistrationCollectionViewCell.swift in Sources */,
				114B77DD1CB616E3003994E9 /* Constant.swift in Sources */,
				11AD68341CB5FD4B00ADFA50 /* ViewController.swift in Sources */,
				11AD68321CB5FD4B00ADFA50 /* AppDelegate.swift in Sources */,
			);
			runOnlyForDeploymentPostprocessing = 0;
		};
/* End PBXSourcesBuildPhase section */

/* Begin PBXVariantGroup section */
		11AD68351CB5FD4B00ADFA50 /* Main.storyboard */ = {
			isa = PBXVariantGroup;
			children = (
				11AD68361CB5FD4B00ADFA50 /* Base */,
			);
			name = Main.storyboard;
			sourceTree = "<group>";
		};
		11AD683A1CB5FD4B00ADFA50 /* LaunchScreen.storyboard */ = {
			isa = PBXVariantGroup;
			children = (
				11AD683B1CB5FD4B00ADFA50 /* Base */,
			);
			name = LaunchScreen.storyboard;
			sourceTree = "<group>";
		};
/* End PBXVariantGroup section */

/* Begin XCBuildConfiguration section */
		11AD683E1CB5FD4B00ADFA50 /* Debug */ = {
			isa = XCBuildConfiguration;
			buildSettings = {
				ALWAYS_SEARCH_USER_PATHS = NO;
				CLANG_ANALYZER_NONNULL = YES;
				CLANG_CXX_LANGUAGE_STANDARD = "gnu++0x";
				CLANG_CXX_LIBRARY = "libc++";
				CLANG_ENABLE_MODULES = YES;
				CLANG_ENABLE_OBJC_ARC = YES;
				CLANG_WARN_BOOL_CONVERSION = YES;
				CLANG_WARN_CONSTANT_CONVERSION = YES;
				CLANG_WARN_DIRECT_OBJC_ISA_USAGE = YES_ERROR;
				CLANG_WARN_EMPTY_BODY = YES;
				CLANG_WARN_ENUM_CONVERSION = YES;
				CLANG_WARN_INT_CONVERSION = YES;
				CLANG_WARN_OBJC_ROOT_CLASS = YES_ERROR;
				CLANG_WARN_UNREACHABLE_CODE = YES;
				CLANG_WARN__DUPLICATE_METHOD_MATCH = YES;
				"CODE_SIGN_IDENTITY[sdk=iphoneos*]" = "iPhone Developer";
				COPY_PHASE_STRIP = NO;
				DEBUG_INFORMATION_FORMAT = dwarf;
				ENABLE_STRICT_OBJC_MSGSEND = YES;
				ENABLE_TESTABILITY = YES;
				GCC_C_LANGUAGE_STANDARD = gnu99;
				GCC_DYNAMIC_NO_PIC = NO;
				GCC_NO_COMMON_BLOCKS = YES;
				GCC_OPTIMIZATION_LEVEL = 0;
				GCC_PREPROCESSOR_DEFINITIONS = (
					"DEBUG=1",
					"$(inherited)",
				);
				GCC_WARN_64_TO_32_BIT_CONVERSION = YES;
				GCC_WARN_ABOUT_RETURN_TYPE = YES_ERROR;
				GCC_WARN_UNDECLARED_SELECTOR = YES;
				GCC_WARN_UNINITIALIZED_AUTOS = YES_AGGRESSIVE;
				GCC_WARN_UNUSED_FUNCTION = YES;
				GCC_WARN_UNUSED_VARIABLE = YES;
				IPHONEOS_DEPLOYMENT_TARGET = 9.3;
				MTL_ENABLE_DEBUG_INFO = YES;
				ONLY_ACTIVE_ARCH = YES;
				SDKROOT = iphoneos;
				SWIFT_OPTIMIZATION_LEVEL = "-Onone";
				TARGETED_DEVICE_FAMILY = "1,2";
			};
			name = Debug;
		};
		11AD683F1CB5FD4B00ADFA50 /* Release */ = {
			isa = XCBuildConfiguration;
			buildSettings = {
				ALWAYS_SEARCH_USER_PATHS = NO;
				CLANG_ANALYZER_NONNULL = YES;
				CLANG_CXX_LANGUAGE_STANDARD = "gnu++0x";
				CLANG_CXX_LIBRARY = "libc++";
				CLANG_ENABLE_MODULES = YES;
				CLANG_ENABLE_OBJC_ARC = YES;
				CLANG_WARN_BOOL_CONVERSION = YES;
				CLANG_WARN_CONSTANT_CONVERSION = YES;
				CLANG_WARN_DIRECT_OBJC_ISA_USAGE = YES_ERROR;
				CLANG_WARN_EMPTY_BODY = YES;
				CLANG_WARN_ENUM_CONVERSION = YES;
				CLANG_WARN_INT_CONVERSION = YES;
				CLANG_WARN_OBJC_ROOT_CLASS = YES_ERROR;
				CLANG_WARN_UNREACHABLE_CODE = YES;
				CLANG_WARN__DUPLICATE_METHOD_MATCH = YES;
				"CODE_SIGN_IDENTITY[sdk=iphoneos*]" = "iPhone Developer";
				COPY_PHASE_STRIP = NO;
				DEBUG_INFORMATION_FORMAT = "dwarf-with-dsym";
				ENABLE_NS_ASSERTIONS = NO;
				ENABLE_STRICT_OBJC_MSGSEND = YES;
				GCC_C_LANGUAGE_STANDARD = gnu99;
				GCC_NO_COMMON_BLOCKS = YES;
				GCC_WARN_64_TO_32_BIT_CONVERSION = YES;
				GCC_WARN_ABOUT_RETURN_TYPE = YES_ERROR;
				GCC_WARN_UNDECLARED_SELECTOR = YES;
				GCC_WARN_UNINITIALIZED_AUTOS = YES_AGGRESSIVE;
				GCC_WARN_UNUSED_FUNCTION = YES;
				GCC_WARN_UNUSED_VARIABLE = YES;
				IPHONEOS_DEPLOYMENT_TARGET = 9.3;
				MTL_ENABLE_DEBUG_INFO = NO;
				SDKROOT = iphoneos;
				TARGETED_DEVICE_FAMILY = "1,2";
				VALIDATE_PRODUCT = YES;
			};
			name = Release;
		};
		11AD68411CB5FD4B00ADFA50 /* Debug */ = {
			isa = XCBuildConfiguration;
			baseConfigurationReference = F13AE469351684A40B63ACDB /* Pods-Facebook-Demo.debug.xcconfig */;
			buildSettings = {
				ASSETCATALOG_COMPILER_APPICON_NAME = AppIcon;
				INFOPLIST_FILE = "Facebook-Demo/Info.plist";
				LD_RUNPATH_SEARCH_PATHS = "$(inherited) @executable_path/Frameworks";
				PRODUCT_BUNDLE_IDENTIFIER = "net.kahopoon.Facebook-Demo";
				PRODUCT_NAME = "$(TARGET_NAME)";
			};
			name = Debug;
		};
		11AD68421CB5FD4B00ADFA50 /* Release */ = {
			isa = XCBuildConfiguration;
			baseConfigurationReference = D4203A8B6BC183EA176A7846 /* Pods-Facebook-Demo.release.xcconfig */;
			buildSettings = {
				ASSETCATALOG_COMPILER_APPICON_NAME = AppIcon;
				INFOPLIST_FILE = "Facebook-Demo/Info.plist";
				LD_RUNPATH_SEARCH_PATHS = "$(inherited) @executable_path/Frameworks";
				PRODUCT_BUNDLE_IDENTIFIER = "net.kahopoon.Facebook-Demo";
				PRODUCT_NAME = "$(TARGET_NAME)";
			};
			name = Release;
		};
/* End XCBuildConfiguration section */

/* Begin XCConfigurationList section */
		11AD68291CB5FD4A00ADFA50 /* Build configuration list for PBXProject "Facebook-Demo" */ = {
			isa = XCConfigurationList;
			buildConfigurations = (
				11AD683E1CB5FD4B00ADFA50 /* Debug */,
				11AD683F1CB5FD4B00ADFA50 /* Release */,
			);
			defaultConfigurationIsVisible = 0;
			defaultConfigurationName = Release;
		};
		11AD68401CB5FD4B00ADFA50 /* Build configuration list for PBXNativeTarget "Facebook-Demo" */ = {
			isa = XCConfigurationList;
			buildConfigurations = (
				11AD68411CB5FD4B00ADFA50 /* Debug */,
				11AD68421CB5FD4B00ADFA50 /* Release */,
			);
			defaultConfigurationIsVisible = 0;
			defaultConfigurationName = Release;
		};
/* End XCConfigurationList section */
	};
	rootObject = 11AD68261CB5FD4A00ADFA50 /* Project object */;
}
